// !$*UTF8*$!
{
	archiveVersion = 1;
	classes = {
	};
	objectVersion = 46;
	objects = {

/* Begin PBXBuildFile section */
		4A26C3531C049E2400E5F505 /* AppDelegate.swift in Sources */ = {isa = PBXBuildFile; fileRef = 4A26C3521C049E2400E5F505 /* AppDelegate.swift */; };
		4A26C3551C049E2400E5F505 /* ViewController.swift in Sources */ = {isa = PBXBuildFile; fileRef = 4A26C3541C049E2400E5F505 /* ViewController.swift */; };
		4A26C3581C049E2400E5F505 /* Main.storyboard in Resources */ = {isa = PBXBuildFile; fileRef = 4A26C3561C049E2400E5F505 /* Main.storyboard */; };
		4A26C35A1C049E2400E5F505 /* Assets.xcassets in Resources */ = {isa = PBXBuildFile; fileRef = 4A26C3591C049E2400E5F505 /* Assets.xcassets */; };
		4A26C35D1C049E2400E5F505 /* LaunchScreen.storyboard in Resources */ = {isa = PBXBuildFile; fileRef = 4A26C35B1C049E2400E5F505 /* LaunchScreen.storyboard */; };
		4A26C3661C049EA100E5F505 /* AllObjects.json in Resources */ = {isa = PBXBuildFile; fileRef = 4AD9071A1C03CADC004C2CFC /* AllObjects.json */; };
		4A26C3671C049ED200E5F505 /* AudioToolbox.framework in Frameworks */ = {isa = PBXBuildFile; fileRef = 4AF827C51C038C1300C51B6B /* AudioToolbox.framework */; };
		4A26C3681C049ED200E5F505 /* SystemConfiguration.framework in Frameworks */ = {isa = PBXBuildFile; fileRef = 4AF827C11C038BFE00C51B6B /* SystemConfiguration.framework */; };
		4A26C3691C049ED800E5F505 /* libsqlite3.tbd in Frameworks */ = {isa = PBXBuildFile; fileRef = 4AF827BF1C038BF400C51B6B /* libsqlite3.tbd */; };
		4A89679A1C0DFC3000D52EBE /* PFObject+Additions.swift in Sources */ = {isa = PBXBuildFile; fileRef = 4A8967991C0DFC3000D52EBE /* PFObject+Additions.swift */; };
		4A8E7F891C080E4400E8AF28 /* Bolts.framework in Frameworks */ = {isa = PBXBuildFile; fileRef = 4A8E7F851C080C0300E8AF28 /* Bolts.framework */; };
		4A8E7F8A1C080E4500E8AF28 /* Parse.framework in Frameworks */ = {isa = PBXBuildFile; fileRef = 4A8E7F861C080C0300E8AF28 /* Parse.framework */; };
		4A8E7F8B1C080E4500E8AF28 /* Bolts.framework in Frameworks */ = {isa = PBXBuildFile; fileRef = 4A8E7F851C080C0300E8AF28 /* Bolts.framework */; settings = {ATTRIBUTES = (Weak, ); }; };
		4A8E7F8C1C080E4500E8AF28 /* Parse.framework in Frameworks */ = {isa = PBXBuildFile; fileRef = 4A8E7F861C080C0300E8AF28 /* Parse.framework */; settings = {ATTRIBUTES = (Weak, ); }; };
		4ABC1EBC1C03F3B800FE1F59 /* Malformed.json in Resources */ = {isa = PBXBuildFile; fileRef = 4ABC1EBB1C03F3B800FE1F59 /* Malformed.json */; };
		4AD907171C03C2FF004C2CFC /* ParseZeroObjC.m in Sources */ = {isa = PBXBuildFile; fileRef = 4AD907161C03C2FF004C2CFC /* ParseZeroObjC.m */; };
		4AD907191C03C64F004C2CFC /* BFTask+Additions.swift in Sources */ = {isa = PBXBuildFile; fileRef = 4AD907181C03C64F004C2CFC /* BFTask+Additions.swift */; };
		4AD9071B1C03CADC004C2CFC /* AllObjects.json in Resources */ = {isa = PBXBuildFile; fileRef = 4AD9071A1C03CADC004C2CFC /* AllObjects.json */; };
		4AD9071F1C03DF7E004C2CFC /* _Join:bs:ClassA:ClassB.json in Resources */ = {isa = PBXBuildFile; fileRef = 4AD9071C1C03DF7E004C2CFC /* _Join:bs:ClassA:ClassB.json */; };
		4AD907201C03DF7E004C2CFC /* ClassA.json in Resources */ = {isa = PBXBuildFile; fileRef = 4AD9071D1C03DF7E004C2CFC /* ClassA.json */; };
		4AD907211C03DF7E004C2CFC /* ClassB.json in Resources */ = {isa = PBXBuildFile; fileRef = 4AD9071E1C03DF7E004C2CFC /* ClassB.json */; };
		4AD907221C03DF88004C2CFC /* _Join:bs:ClassA:ClassB.json in CopyFiles */ = {isa = PBXBuildFile; fileRef = 4AD9071C1C03DF7E004C2CFC /* _Join:bs:ClassA:ClassB.json */; };
		4AD907231C03DF88004C2CFC /* ClassA.json in CopyFiles */ = {isa = PBXBuildFile; fileRef = 4AD9071D1C03DF7E004C2CFC /* ClassA.json */; };
		4AD907241C03DF88004C2CFC /* ClassB.json in CopyFiles */ = {isa = PBXBuildFile; fileRef = 4AD9071E1C03DF7E004C2CFC /* ClassB.json */; };
		4AEF7F161C0F82640054868D /* Logger.swift in Sources */ = {isa = PBXBuildFile; fileRef = 4AEF7F151C0F82640054868D /* Logger.swift */; };
		4AF7E9751C10D52F00AB75B2 /* AudioToolbox.framework in Frameworks */ = {isa = PBXBuildFile; fileRef = 4AF827C51C038C1300C51B6B /* AudioToolbox.framework */; };
		4AF7E9761C10D53500AB75B2 /* SystemConfiguration.framework in Frameworks */ = {isa = PBXBuildFile; fileRef = 4AF827C11C038BFE00C51B6B /* SystemConfiguration.framework */; };
		4AF7E9771C10D53700AB75B2 /* libsqlite3.tbd in Frameworks */ = {isa = PBXBuildFile; fileRef = 4AF827BF1C038BF400C51B6B /* libsqlite3.tbd */; };
		4AF7E97A1C11076D00AB75B2 /* DateFormatter.swift in Sources */ = {isa = PBXBuildFile; fileRef = 4AF7E9791C11076D00AB75B2 /* DateFormatter.swift */; };
		4AF827851C0381C400C51B6B /* ParseZero.h in Headers */ = {isa = PBXBuildFile; fileRef = 4AF827841C0381C400C51B6B /* ParseZero.h */; settings = {ATTRIBUTES = (Public, ); }; };
		4AF8278C1C0381C400C51B6B /* ParseZero.framework in Frameworks */ = {isa = PBXBuildFile; fileRef = 4AF827811C0381C400C51B6B /* ParseZero.framework */; };
		4AF827911C0381C400C51B6B /* ParseZeroTests.swift in Sources */ = {isa = PBXBuildFile; fileRef = 4AF827901C0381C400C51B6B /* ParseZeroTests.swift */; };
		4AF8279C1C03827100C51B6B /* ParseZero.swift in Sources */ = {isa = PBXBuildFile; fileRef = 4AF8279B1C03827100C51B6B /* ParseZero.swift */; };
		4AF827A21C0382D400C51B6B /* ClassImporter.swift in Sources */ = {isa = PBXBuildFile; fileRef = 4AF827A11C0382D400C51B6B /* ClassImporter.swift */; };
		4AF827A41C0382DE00C51B6B /* RelationImporter.swift in Sources */ = {isa = PBXBuildFile; fileRef = 4AF827A31C0382DE00C51B6B /* RelationImporter.swift */; };
		4AF827A61C0385BD00C51B6B /* Importer.swift in Sources */ = {isa = PBXBuildFile; fileRef = 4AF827A51C0385BD00C51B6B /* Importer.swift */; };
		4AF827C01C038BF400C51B6B /* libsqlite3.tbd in Frameworks */ = {isa = PBXBuildFile; fileRef = 4AF827BF1C038BF400C51B6B /* libsqlite3.tbd */; };
		4AF827C21C038BFE00C51B6B /* SystemConfiguration.framework in Frameworks */ = {isa = PBXBuildFile; fileRef = 4AF827C11C038BFE00C51B6B /* SystemConfiguration.framework */; };
		4AF827C61C038C1300C51B6B /* AudioToolbox.framework in Frameworks */ = {isa = PBXBuildFile; fileRef = 4AF827C51C038C1300C51B6B /* AudioToolbox.framework */; };
		4AF827C81C038CB700C51B6B /* ParseZeroError.swift in Sources */ = {isa = PBXBuildFile; fileRef = 4AF827C71C038CB700C51B6B /* ParseZeroError.swift */; };
/* End PBXBuildFile section */

/* Begin PBXContainerItemProxy section */
		4A26C3621C049E3C00E5F505 /* PBXContainerItemProxy */ = {
			isa = PBXContainerItemProxy;
			containerPortal = 4AF827781C0381C400C51B6B /* Project object */;
			proxyType = 1;
			remoteGlobalIDString = 4AF827801C0381C400C51B6B;
			remoteInfo = ParseZero;
		};
		4AF8278D1C0381C400C51B6B /* PBXContainerItemProxy */ = {
			isa = PBXContainerItemProxy;
			containerPortal = 4AF827781C0381C400C51B6B /* Project object */;
			proxyType = 1;
			remoteGlobalIDString = 4AF827801C0381C400C51B6B;
			remoteInfo = ParseZero;
		};
/* End PBXContainerItemProxy section */

/* Begin PBXCopyFilesBuildPhase section */
		4AF827C91C038DD700C51B6B /* CopyFiles */ = {
			isa = PBXCopyFilesBuildPhase;
			buildActionMask = 2147483647;
			dstPath = ParseObjects;
			dstSubfolderSpec = 7;
			files = (
				4AD907221C03DF88004C2CFC /* _Join:bs:ClassA:ClassB.json in CopyFiles */,
				4AD907231C03DF88004C2CFC /* ClassA.json in CopyFiles */,
				4AD907241C03DF88004C2CFC /* ClassB.json in CopyFiles */,
			);
			runOnlyForDeploymentPostprocessing = 0;
		};
/* End PBXCopyFilesBuildPhase section */

/* Begin PBXFileReference section */
		4A26C3501C049E2400E5F505 /* ParseZeroHost.app */ = {isa = PBXFileReference; explicitFileType = wrapper.application; includeInIndex = 0; path = ParseZeroHost.app; sourceTree = BUILT_PRODUCTS_DIR; };
		4A26C3521C049E2400E5F505 /* AppDelegate.swift */ = {isa = PBXFileReference; lastKnownFileType = sourcecode.swift; path = AppDelegate.swift; sourceTree = "<group>"; };
		4A26C3541C049E2400E5F505 /* ViewController.swift */ = {isa = PBXFileReference; lastKnownFileType = sourcecode.swift; path = ViewController.swift; sourceTree = "<group>"; };
		4A26C3571C049E2400E5F505 /* Base */ = {isa = PBXFileReference; lastKnownFileType = file.storyboard; name = Base; path = Base.lproj/Main.storyboard; sourceTree = "<group>"; };
		4A26C3591C049E2400E5F505 /* Assets.xcassets */ = {isa = PBXFileReference; lastKnownFileType = folder.assetcatalog; path = Assets.xcassets; sourceTree = "<group>"; };
		4A26C35C1C049E2400E5F505 /* Base */ = {isa = PBXFileReference; lastKnownFileType = file.storyboard; name = Base; path = Base.lproj/LaunchScreen.storyboard; sourceTree = "<group>"; };
		4A26C35E1C049E2400E5F505 /* Info.plist */ = {isa = PBXFileReference; lastKnownFileType = text.plist.xml; path = Info.plist; sourceTree = "<group>"; };
		4A8967991C0DFC3000D52EBE /* PFObject+Additions.swift */ = {isa = PBXFileReference; fileEncoding = 4; lastKnownFileType = sourcecode.swift; path = "PFObject+Additions.swift"; sourceTree = "<group>"; };
		4A8E7F851C080C0300E8AF28 /* Bolts.framework */ = {isa = PBXFileReference; lastKnownFileType = wrapper.framework; name = Bolts.framework; path = Carthage/Build/iOS/Bolts.framework; sourceTree = "<group>"; };
		4A8E7F861C080C0300E8AF28 /* Parse.framework */ = {isa = PBXFileReference; lastKnownFileType = wrapper.framework; name = Parse.framework; path = Carthage/Build/iOS/Parse.framework; sourceTree = "<group>"; };
		4ABC1EBB1C03F3B800FE1F59 /* Malformed.json */ = {isa = PBXFileReference; fileEncoding = 4; lastKnownFileType = text.json; name = Malformed.json; path = ParseZeroTests/Malformed.json; sourceTree = SOURCE_ROOT; };
		4AD907151C03C2FE004C2CFC /* ParseZeroTests-Bridging-Header.h */ = {isa = PBXFileReference; lastKnownFileType = sourcecode.c.h; path = "ParseZeroTests-Bridging-Header.h"; sourceTree = "<group>"; };
		4AD907161C03C2FF004C2CFC /* ParseZeroObjC.m */ = {isa = PBXFileReference; fileEncoding = 4; lastKnownFileType = sourcecode.c.objc; path = ParseZeroObjC.m; sourceTree = "<group>"; };
		4AD907181C03C64F004C2CFC /* BFTask+Additions.swift */ = {isa = PBXFileReference; fileEncoding = 4; lastKnownFileType = sourcecode.swift; path = "BFTask+Additions.swift"; sourceTree = "<group>"; };
		4AD9071A1C03CADC004C2CFC /* AllObjects.json */ = {isa = PBXFileReference; fileEncoding = 4; lastKnownFileType = text.json; name = AllObjects.json; path = ParseZeroTests/AllObjects.json; sourceTree = SOURCE_ROOT; };
		4AD9071C1C03DF7E004C2CFC /* _Join:bs:ClassA:ClassB.json */ = {isa = PBXFileReference; fileEncoding = 4; lastKnownFileType = text.json; path = "_Join:bs:ClassA:ClassB.json"; sourceTree = "<group>"; };
		4AD9071D1C03DF7E004C2CFC /* ClassA.json */ = {isa = PBXFileReference; fileEncoding = 4; lastKnownFileType = text.json; path = ClassA.json; sourceTree = "<group>"; };
		4AD9071E1C03DF7E004C2CFC /* ClassB.json */ = {isa = PBXFileReference; fileEncoding = 4; lastKnownFileType = text.json; path = ClassB.json; sourceTree = "<group>"; };
		4AEF7F151C0F82640054868D /* Logger.swift */ = {isa = PBXFileReference; fileEncoding = 4; lastKnownFileType = sourcecode.swift; path = Logger.swift; sourceTree = "<group>"; };
		4AF7E9791C11076D00AB75B2 /* DateFormatter.swift */ = {isa = PBXFileReference; fileEncoding = 4; lastKnownFileType = sourcecode.swift; path = DateFormatter.swift; sourceTree = "<group>"; };
		4AF827811C0381C400C51B6B /* ParseZero.framework */ = {isa = PBXFileReference; explicitFileType = wrapper.framework; includeInIndex = 0; path = ParseZero.framework; sourceTree = BUILT_PRODUCTS_DIR; };
		4AF827841C0381C400C51B6B /* ParseZero.h */ = {isa = PBXFileReference; lastKnownFileType = sourcecode.c.h; path = ParseZero.h; sourceTree = "<group>"; };
		4AF827861C0381C400C51B6B /* Info.plist */ = {isa = PBXFileReference; lastKnownFileType = text.plist.xml; path = Info.plist; sourceTree = "<group>"; };
		4AF8278B1C0381C400C51B6B /* ParseZeroTests.xctest */ = {isa = PBXFileReference; explicitFileType = wrapper.cfbundle; includeInIndex = 0; path = ParseZeroTests.xctest; sourceTree = BUILT_PRODUCTS_DIR; };
		4AF827901C0381C400C51B6B /* ParseZeroTests.swift */ = {isa = PBXFileReference; lastKnownFileType = sourcecode.swift; path = ParseZeroTests.swift; sourceTree = "<group>"; };
		4AF827921C0381C400C51B6B /* Info.plist */ = {isa = PBXFileReference; lastKnownFileType = text.plist.xml; path = Info.plist; sourceTree = "<group>"; };
		4AF8279B1C03827100C51B6B /* ParseZero.swift */ = {isa = PBXFileReference; fileEncoding = 4; lastKnownFileType = sourcecode.swift; path = ParseZero.swift; sourceTree = "<group>"; };
		4AF827A11C0382D400C51B6B /* ClassImporter.swift */ = {isa = PBXFileReference; fileEncoding = 4; lastKnownFileType = sourcecode.swift; path = ClassImporter.swift; sourceTree = "<group>"; };
		4AF827A31C0382DE00C51B6B /* RelationImporter.swift */ = {isa = PBXFileReference; fileEncoding = 4; lastKnownFileType = sourcecode.swift; path = RelationImporter.swift; sourceTree = "<group>"; };
		4AF827A51C0385BD00C51B6B /* Importer.swift */ = {isa = PBXFileReference; fileEncoding = 4; lastKnownFileType = sourcecode.swift; path = Importer.swift; sourceTree = "<group>"; };
		4AF827BF1C038BF400C51B6B /* libsqlite3.tbd */ = {isa = PBXFileReference; lastKnownFileType = "sourcecode.text-based-dylib-definition"; name = libsqlite3.tbd; path = usr/lib/libsqlite3.tbd; sourceTree = SDKROOT; };
		4AF827C11C038BFE00C51B6B /* SystemConfiguration.framework */ = {isa = PBXFileReference; lastKnownFileType = wrapper.framework; name = SystemConfiguration.framework; path = System/Library/Frameworks/SystemConfiguration.framework; sourceTree = SDKROOT; };
		4AF827C51C038C1300C51B6B /* AudioToolbox.framework */ = {isa = PBXFileReference; lastKnownFileType = wrapper.framework; name = AudioToolbox.framework; path = System/Library/Frameworks/AudioToolbox.framework; sourceTree = SDKROOT; };
		4AF827C71C038CB700C51B6B /* ParseZeroError.swift */ = {isa = PBXFileReference; fileEncoding = 4; lastKnownFileType = sourcecode.swift; path = ParseZeroError.swift; sourceTree = "<group>"; };
/* End PBXFileReference section */

/* Begin PBXFrameworksBuildPhase section */
		4A26C34D1C049E2400E5F505 /* Frameworks */ = {
			isa = PBXFrameworksBuildPhase;
			buildActionMask = 2147483647;
			files = (
				4A26C3691C049ED800E5F505 /* libsqlite3.tbd in Frameworks */,
				4A26C3681C049ED200E5F505 /* SystemConfiguration.framework in Frameworks */,
				4A26C3671C049ED200E5F505 /* AudioToolbox.framework in Frameworks */,
				4A8E7F8B1C080E4500E8AF28 /* Bolts.framework in Frameworks */,
				4A8E7F8C1C080E4500E8AF28 /* Parse.framework in Frameworks */,
			);
			runOnlyForDeploymentPostprocessing = 0;
		};
		4AF8277D1C0381C400C51B6B /* Frameworks */ = {
			isa = PBXFrameworksBuildPhase;
			buildActionMask = 2147483647;
			files = (
				4AF827C61C038C1300C51B6B /* AudioToolbox.framework in Frameworks */,
				4AF827C21C038BFE00C51B6B /* SystemConfiguration.framework in Frameworks */,
				4AF827C01C038BF400C51B6B /* libsqlite3.tbd in Frameworks */,
			);
			runOnlyForDeploymentPostprocessing = 0;
		};
		4AF827881C0381C400C51B6B /* Frameworks */ = {
			isa = PBXFrameworksBuildPhase;
			buildActionMask = 2147483647;
			files = (
				4AF7E9771C10D53700AB75B2 /* libsqlite3.tbd in Frameworks */,
				4AF8278C1C0381C400C51B6B /* ParseZero.framework in Frameworks */,
				4AF7E9761C10D53500AB75B2 /* SystemConfiguration.framework in Frameworks */,
				4A8E7F8A1C080E4500E8AF28 /* Parse.framework in Frameworks */,
				4A8E7F891C080E4400E8AF28 /* Bolts.framework in Frameworks */,
				4AF7E9751C10D52F00AB75B2 /* AudioToolbox.framework in Frameworks */,
			);
			runOnlyForDeploymentPostprocessing = 0;
		};
/* End PBXFrameworksBuildPhase section */

/* Begin PBXGroup section */
		4A26C3511C049E2400E5F505 /* ParseZeroHost */ = {
			isa = PBXGroup;
			children = (
				4A26C3521C049E2400E5F505 /* AppDelegate.swift */,
				4A26C3541C049E2400E5F505 /* ViewController.swift */,
				4A26C3561C049E2400E5F505 /* Main.storyboard */,
				4A26C3591C049E2400E5F505 /* Assets.xcassets */,
				4A26C35B1C049E2400E5F505 /* LaunchScreen.storyboard */,
				4A26C35E1C049E2400E5F505 /* Info.plist */,
			);
			path = ParseZeroHost;
			sourceTree = "<group>";
		};
		4AF827771C0381C400C51B6B = {
			isa = PBXGroup;
			children = (
				4A26C3511C049E2400E5F505 /* ParseZeroHost */,
				4AF827831C0381C400C51B6B /* ParseZero */,
				4AF8278F1C0381C400C51B6B /* ParseZeroTests */,
				4AF827BE1C038BE200C51B6B /* Frameworks */,
				4AF827821C0381C400C51B6B /* Products */,
			);
			sourceTree = "<group>";
		};
		4AF827821C0381C400C51B6B /* Products */ = {
			isa = PBXGroup;
			children = (
				4AF827811C0381C400C51B6B /* ParseZero.framework */,
				4AF8278B1C0381C400C51B6B /* ParseZeroTests.xctest */,
				4A26C3501C049E2400E5F505 /* ParseZeroHost.app */,
			);
			name = Products;
			sourceTree = "<group>";
		};
		4AF827831C0381C400C51B6B /* ParseZero */ = {
			isa = PBXGroup;
			children = (
				4AF827841C0381C400C51B6B /* ParseZero.h */,
				4AF8279B1C03827100C51B6B /* ParseZero.swift */,
				4AEF7F151C0F82640054868D /* Logger.swift */,
				4AF827C71C038CB700C51B6B /* ParseZeroError.swift */,
				4AD907181C03C64F004C2CFC /* BFTask+Additions.swift */,
				4A8967991C0DFC3000D52EBE /* PFObject+Additions.swift */,
				4AF7E9791C11076D00AB75B2 /* DateFormatter.swift */,
				4AF827A51C0385BD00C51B6B /* Importer.swift */,
				4AF827A11C0382D400C51B6B /* ClassImporter.swift */,
				4AF827A31C0382DE00C51B6B /* RelationImporter.swift */,
				4AF827861C0381C400C51B6B /* Info.plist */,
			);
			path = ParseZero;
			sourceTree = "<group>";
		};
		4AF8278F1C0381C400C51B6B /* ParseZeroTests */ = {
			isa = PBXGroup;
			children = (
				4AF827A91C038BB800C51B6B /* ParseObjects */,
				4AF827901C0381C400C51B6B /* ParseZeroTests.swift */,
				4AD907161C03C2FF004C2CFC /* ParseZeroObjC.m */,
				4AF827921C0381C400C51B6B /* Info.plist */,
				4AD907151C03C2FE004C2CFC /* ParseZeroTests-Bridging-Header.h */,
			);
			path = ParseZeroTests;
			sourceTree = "<group>";
		};
		4AF827A91C038BB800C51B6B /* ParseObjects */ = {
			isa = PBXGroup;
			children = (
				4AD9071C1C03DF7E004C2CFC /* _Join:bs:ClassA:ClassB.json */,
				4AD9071D1C03DF7E004C2CFC /* ClassA.json */,
				4AD9071E1C03DF7E004C2CFC /* ClassB.json */,
				4AD9071A1C03CADC004C2CFC /* AllObjects.json */,
				4ABC1EBB1C03F3B800FE1F59 /* Malformed.json */,
			);
			path = ParseObjects;
			sourceTree = "<group>";
		};
		4AF827BE1C038BE200C51B6B /* Frameworks */ = {
			isa = PBXGroup;
			children = (
				4A8E7F851C080C0300E8AF28 /* Bolts.framework */,
				4A8E7F861C080C0300E8AF28 /* Parse.framework */,
				4AF827C51C038C1300C51B6B /* AudioToolbox.framework */,
				4AF827C11C038BFE00C51B6B /* SystemConfiguration.framework */,
				4AF827BF1C038BF400C51B6B /* libsqlite3.tbd */,
			);
			name = Frameworks;
			sourceTree = "<group>";
		};
/* End PBXGroup section */

/* Begin PBXHeadersBuildPhase section */
		4AF8277E1C0381C400C51B6B /* Headers */ = {
			isa = PBXHeadersBuildPhase;
			buildActionMask = 2147483647;
			files = (
				4AF827851C0381C400C51B6B /* ParseZero.h in Headers */,
			);
			runOnlyForDeploymentPostprocessing = 0;
		};
/* End PBXHeadersBuildPhase section */

/* Begin PBXNativeTarget section */
		4A26C34F1C049E2400E5F505 /* ParseZeroHost */ = {
			isa = PBXNativeTarget;
			buildConfigurationList = 4A26C3611C049E2400E5F505 /* Build configuration list for PBXNativeTarget "ParseZeroHost" */;
			buildPhases = (
				4A26C34C1C049E2400E5F505 /* Sources */,
				4A26C34D1C049E2400E5F505 /* Frameworks */,
				4A26C3981C04AFC500E5F505 /* ShellScript */,
				4A26C34E1C049E2400E5F505 /* Resources */,
			);
			buildRules = (
			);
			dependencies = (
				4A26C3631C049E3C00E5F505 /* PBXTargetDependency */,
			);
			name = ParseZeroHost;
			productName = ParseZeroHost;
			productReference = 4A26C3501C049E2400E5F505 /* ParseZeroHost.app */;
			productType = "com.apple.product-type.application";
		};
		4AF827801C0381C400C51B6B /* ParseZero */ = {
			isa = PBXNativeTarget;
			buildConfigurationList = 4AF827951C0381C400C51B6B /* Build configuration list for PBXNativeTarget "ParseZero" */;
			buildPhases = (
				4AF8277C1C0381C400C51B6B /* Sources */,
				4AF8277D1C0381C400C51B6B /* Frameworks */,
				4AF8277E1C0381C400C51B6B /* Headers */,
				4AF8277F1C0381C400C51B6B /* Resources */,
			);
			buildRules = (
			);
			dependencies = (
			);
			name = ParseZero;
			productName = ParseZero;
			productReference = 4AF827811C0381C400C51B6B /* ParseZero.framework */;
			productType = "com.apple.product-type.framework";
		};
		4AF8278A1C0381C400C51B6B /* ParseZeroTests */ = {
			isa = PBXNativeTarget;
			buildConfigurationList = 4AF827981C0381C400C51B6B /* Build configuration list for PBXNativeTarget "ParseZeroTests" */;
			buildPhases = (
				4AF827871C0381C400C51B6B /* Sources */,
				4AF827881C0381C400C51B6B /* Frameworks */,
				4AF827891C0381C400C51B6B /* Resources */,
				4AF827C91C038DD700C51B6B /* CopyFiles */,
				4A26C39B1C04B17800E5F505 /* ShellScript */,
			);
			buildRules = (
			);
			dependencies = (
				4AF8278E1C0381C400C51B6B /* PBXTargetDependency */,
			);
			name = ParseZeroTests;
			productName = ParseZeroTests;
			productReference = 4AF8278B1C0381C400C51B6B /* ParseZeroTests.xctest */;
			productType = "com.apple.product-type.bundle.unit-test";
		};
/* End PBXNativeTarget section */

/* Begin PBXProject section */
		4AF827781C0381C400C51B6B /* Project object */ = {
			isa = PBXProject;
			attributes = {
				LastSwiftUpdateCheck = 0710;
				LastUpgradeCheck = 0710;
				ORGANIZATIONNAME = flovilmart;
				TargetAttributes = {
					4A26C34F1C049E2400E5F505 = {
						CreatedOnToolsVersion = 7.1.1;
					};
					4AF827801C0381C400C51B6B = {
						CreatedOnToolsVersion = 7.1.1;
						DevelopmentTeam = 7LDBSZ9966;
						LastSwiftMigration = 0800;
					};
					4AF8278A1C0381C400C51B6B = {
						CreatedOnToolsVersion = 7.1.1;
						DevelopmentTeam = 7LDBSZ9966;
						LastSwiftMigration = 0800;
					};
				};
			};
			buildConfigurationList = 4AF8277B1C0381C400C51B6B /* Build configuration list for PBXProject "ParseZero" */;
			compatibilityVersion = "Xcode 3.2";
			developmentRegion = English;
			hasScannedForEncodings = 0;
			knownRegions = (
				en,
				Base,
			);
			mainGroup = 4AF827771C0381C400C51B6B;
			productRefGroup = 4AF827821C0381C400C51B6B /* Products */;
			projectDirPath = "";
			projectRoot = "";
			targets = (
				4AF827801C0381C400C51B6B /* ParseZero */,
				4AF8278A1C0381C400C51B6B /* ParseZeroTests */,
				4A26C34F1C049E2400E5F505 /* ParseZeroHost */,
			);
		};
/* End PBXProject section */

/* Begin PBXResourcesBuildPhase section */
		4A26C34E1C049E2400E5F505 /* Resources */ = {
			isa = PBXResourcesBuildPhase;
			buildActionMask = 2147483647;
			files = (
				4A26C35D1C049E2400E5F505 /* LaunchScreen.storyboard in Resources */,
				4A26C35A1C049E2400E5F505 /* Assets.xcassets in Resources */,
				4A26C3661C049EA100E5F505 /* AllObjects.json in Resources */,
				4A26C3581C049E2400E5F505 /* Main.storyboard in Resources */,
			);
			runOnlyForDeploymentPostprocessing = 0;
		};
		4AF8277F1C0381C400C51B6B /* Resources */ = {
			isa = PBXResourcesBuildPhase;
			buildActionMask = 2147483647;
			files = (
			);
			runOnlyForDeploymentPostprocessing = 0;
		};
		4AF827891C0381C400C51B6B /* Resources */ = {
			isa = PBXResourcesBuildPhase;
			buildActionMask = 2147483647;
			files = (
				4AD907201C03DF7E004C2CFC /* ClassA.json in Resources */,
				4AD9071F1C03DF7E004C2CFC /* _Join:bs:ClassA:ClassB.json in Resources */,
				4AD9071B1C03CADC004C2CFC /* AllObjects.json in Resources */,
				4ABC1EBC1C03F3B800FE1F59 /* Malformed.json in Resources */,
				4AD907211C03DF7E004C2CFC /* ClassB.json in Resources */,
			);
			runOnlyForDeploymentPostprocessing = 0;
		};
/* End PBXResourcesBuildPhase section */

/* Begin PBXShellScriptBuildPhase section */
		4A26C3981C04AFC500E5F505 /* ShellScript */ = {
			isa = PBXShellScriptBuildPhase;
			buildActionMask = 2147483647;
			files = (
			);
			inputPaths = (
				"$(SRCROOT)/Carthage/Build/iOS/Bolts.framework",
				"$(SRCROOT)/Carthage/Build/iOS/Parse.framework",
			);
			outputPaths = (
			);
			runOnlyForDeploymentPostprocessing = 0;
			shellPath = /bin/sh;
			shellScript = "/usr/local/bin/carthage copy-frameworks\n";
			showEnvVarsInLog = 0;
		};
		4A26C39B1C04B17800E5F505 /* ShellScript */ = {
			isa = PBXShellScriptBuildPhase;
			buildActionMask = 2147483647;
			files = (
			);
			inputPaths = (
				"$(SRCROOT)/Carthage/Build/iOS/Bolts.framework",
				"$(SRCROOT)/Carthage/Build/iOS/Parse.framework",
			);
			outputPaths = (
			);
			runOnlyForDeploymentPostprocessing = 0;
			shellPath = /bin/sh;
			shellScript = "/usr/local/bin/carthage copy-frameworks\n";
		};
/* End PBXShellScriptBuildPhase section */

/* Begin PBXSourcesBuildPhase section */
		4A26C34C1C049E2400E5F505 /* Sources */ = {
			isa = PBXSourcesBuildPhase;
			buildActionMask = 2147483647;
			files = (
				4A26C3551C049E2400E5F505 /* ViewController.swift in Sources */,
				4A26C3531C049E2400E5F505 /* AppDelegate.swift in Sources */,
			);
			runOnlyForDeploymentPostprocessing = 0;
		};
		4AF8277C1C0381C400C51B6B /* Sources */ = {
			isa = PBXSourcesBuildPhase;
			buildActionMask = 2147483647;
			files = (
				4AF7E97A1C11076D00AB75B2 /* DateFormatter.swift in Sources */,
				4AF827A21C0382D400C51B6B /* ClassImporter.swift in Sources */,
				4AF827A41C0382DE00C51B6B /* RelationImporter.swift in Sources */,
				4AD907191C03C64F004C2CFC /* BFTask+Additions.swift in Sources */,
				4A89679A1C0DFC3000D52EBE /* PFObject+Additions.swift in Sources */,
				4AF827C81C038CB700C51B6B /* ParseZeroError.swift in Sources */,
				4AF8279C1C03827100C51B6B /* ParseZero.swift in Sources */,
				4AF827A61C0385BD00C51B6B /* Importer.swift in Sources */,
				4AEF7F161C0F82640054868D /* Logger.swift in Sources */,
			);
			runOnlyForDeploymentPostprocessing = 0;
		};
		4AF827871C0381C400C51B6B /* Sources */ = {
			isa = PBXSourcesBuildPhase;
			buildActionMask = 2147483647;
			files = (
				4AF827911C0381C400C51B6B /* ParseZeroTests.swift in Sources */,
				4AD907171C03C2FF004C2CFC /* ParseZeroObjC.m in Sources */,
			);
			runOnlyForDeploymentPostprocessing = 0;
		};
/* End PBXSourcesBuildPhase section */

/* Begin PBXTargetDependency section */
		4A26C3631C049E3C00E5F505 /* PBXTargetDependency */ = {
			isa = PBXTargetDependency;
			target = 4AF827801C0381C400C51B6B /* ParseZero */;
			targetProxy = 4A26C3621C049E3C00E5F505 /* PBXContainerItemProxy */;
		};
		4AF8278E1C0381C400C51B6B /* PBXTargetDependency */ = {
			isa = PBXTargetDependency;
			target = 4AF827801C0381C400C51B6B /* ParseZero */;
			targetProxy = 4AF8278D1C0381C400C51B6B /* PBXContainerItemProxy */;
		};
/* End PBXTargetDependency section */

/* Begin PBXVariantGroup section */
		4A26C3561C049E2400E5F505 /* Main.storyboard */ = {
			isa = PBXVariantGroup;
			children = (
				4A26C3571C049E2400E5F505 /* Base */,
			);
			name = Main.storyboard;
			sourceTree = "<group>";
		};
		4A26C35B1C049E2400E5F505 /* LaunchScreen.storyboard */ = {
			isa = PBXVariantGroup;
			children = (
				4A26C35C1C049E2400E5F505 /* Base */,
			);
			name = LaunchScreen.storyboard;
			sourceTree = "<group>";
		};
/* End PBXVariantGroup section */

/* Begin XCBuildConfiguration section */
		4A26C35F1C049E2400E5F505 /* Debug */ = {
			isa = XCBuildConfiguration;
			buildSettings = {
				ASSETCATALOG_COMPILER_APPICON_NAME = AppIcon;
				FRAMEWORK_SEARCH_PATHS = (
					"$(inherited)",
					"$(PROJECT_DIR)/ParseZero",
					"$(PROJECT_DIR)",
					"$(PROJECT_DIR)/Carthage/Build/iOS",
				);
				INFOPLIST_FILE = ParseZeroHost/Info.plist;
				LD_RUNPATH_SEARCH_PATHS = "$(inherited) @executable_path/Frameworks";
				OTHER_LDFLAGS = "-ObjC";
				PRODUCT_BUNDLE_IDENTIFIER = com.flovilmart.ParseZeroHost;
				PRODUCT_NAME = "$(TARGET_NAME)";
			};
			name = Debug;
		};
		4A26C3601C049E2400E5F505 /* Release */ = {
			isa = XCBuildConfiguration;
			buildSettings = {
				ASSETCATALOG_COMPILER_APPICON_NAME = AppIcon;
				FRAMEWORK_SEARCH_PATHS = (
					"$(inherited)",
					"$(PROJECT_DIR)/ParseZero",
					"$(PROJECT_DIR)",
					"$(PROJECT_DIR)/Carthage/Build/iOS",
				);
				INFOPLIST_FILE = ParseZeroHost/Info.plist;
				LD_RUNPATH_SEARCH_PATHS = "$(inherited) @executable_path/Frameworks";
				OTHER_LDFLAGS = "-ObjC";
				PRODUCT_BUNDLE_IDENTIFIER = com.flovilmart.ParseZeroHost;
				PRODUCT_NAME = "$(TARGET_NAME)";
			};
			name = Release;
		};
		4AF827931C0381C400C51B6B /* Debug */ = {
			isa = XCBuildConfiguration;
			buildSettings = {
				ALWAYS_SEARCH_USER_PATHS = NO;
				CLANG_CXX_LANGUAGE_STANDARD = "gnu++0x";
				CLANG_CXX_LIBRARY = "libc++";
				CLANG_ENABLE_MODULES = YES;
				CLANG_ENABLE_OBJC_ARC = YES;
				CLANG_WARN_BOOL_CONVERSION = YES;
				CLANG_WARN_CONSTANT_CONVERSION = YES;
				CLANG_WARN_DIRECT_OBJC_ISA_USAGE = YES_ERROR;
				CLANG_WARN_EMPTY_BODY = YES;
				CLANG_WARN_ENUM_CONVERSION = YES;
				CLANG_WARN_INT_CONVERSION = YES;
				CLANG_WARN_OBJC_ROOT_CLASS = YES_ERROR;
				CLANG_WARN_UNREACHABLE_CODE = YES;
				CLANG_WARN__DUPLICATE_METHOD_MATCH = YES;
				"CODE_SIGN_IDENTITY[sdk=iphoneos*]" = "iPhone Developer";
				COPY_PHASE_STRIP = NO;
				CURRENT_PROJECT_VERSION = 1;
				DEBUG_INFORMATION_FORMAT = dwarf;
				ENABLE_STRICT_OBJC_MSGSEND = YES;
				ENABLE_TESTABILITY = YES;
				GCC_C_LANGUAGE_STANDARD = gnu99;
				GCC_DYNAMIC_NO_PIC = NO;
				GCC_NO_COMMON_BLOCKS = YES;
				GCC_OPTIMIZATION_LEVEL = 0;
				GCC_PREPROCESSOR_DEFINITIONS = (
					"DEBUG=1",
					"$(inherited)",
				);
				GCC_WARN_64_TO_32_BIT_CONVERSION = YES;
				GCC_WARN_ABOUT_RETURN_TYPE = YES_ERROR;
				GCC_WARN_UNDECLARED_SELECTOR = YES;
				GCC_WARN_UNINITIALIZED_AUTOS = YES_AGGRESSIVE;
				GCC_WARN_UNUSED_FUNCTION = YES;
				GCC_WARN_UNUSED_VARIABLE = YES;
				IPHONEOS_DEPLOYMENT_TARGET = 9.1;
				MTL_ENABLE_DEBUG_INFO = YES;
				ONLY_ACTIVE_ARCH = YES;
				SDKROOT = iphoneos;
				SWIFT_OPTIMIZATION_LEVEL = "-Onone";
				TARGETED_DEVICE_FAMILY = "1,2";
				VERSIONING_SYSTEM = "apple-generic";
				VERSION_INFO_PREFIX = "";
			};
			name = Debug;
		};
		4AF827941C0381C400C51B6B /* Release */ = {
			isa = XCBuildConfiguration;
			buildSettings = {
				ALWAYS_SEARCH_USER_PATHS = NO;
				CLANG_CXX_LANGUAGE_STANDARD = "gnu++0x";
				CLANG_CXX_LIBRARY = "libc++";
				CLANG_ENABLE_MODULES = YES;
				CLANG_ENABLE_OBJC_ARC = YES;
				CLANG_WARN_BOOL_CONVERSION = YES;
				CLANG_WARN_CONSTANT_CONVERSION = YES;
				CLANG_WARN_DIRECT_OBJC_ISA_USAGE = YES_ERROR;
				CLANG_WARN_EMPTY_BODY = YES;
				CLANG_WARN_ENUM_CONVERSION = YES;
				CLANG_WARN_INT_CONVERSION = YES;
				CLANG_WARN_OBJC_ROOT_CLASS = YES_ERROR;
				CLANG_WARN_UNREACHABLE_CODE = YES;
				CLANG_WARN__DUPLICATE_METHOD_MATCH = YES;
				"CODE_SIGN_IDENTITY[sdk=iphoneos*]" = "iPhone Developer";
				COPY_PHASE_STRIP = NO;
				CURRENT_PROJECT_VERSION = 1;
				DEBUG_INFORMATION_FORMAT = "dwarf-with-dsym";
				ENABLE_NS_ASSERTIONS = NO;
				ENABLE_STRICT_OBJC_MSGSEND = YES;
				GCC_C_LANGUAGE_STANDARD = gnu99;
				GCC_NO_COMMON_BLOCKS = YES;
				GCC_WARN_64_TO_32_BIT_CONVERSION = YES;
				GCC_WARN_ABOUT_RETURN_TYPE = YES_ERROR;
				GCC_WARN_UNDECLARED_SELECTOR = YES;
				GCC_WARN_UNINITIALIZED_AUTOS = YES_AGGRESSIVE;
				GCC_WARN_UNUSED_FUNCTION = YES;
				GCC_WARN_UNUSED_VARIABLE = YES;
				IPHONEOS_DEPLOYMENT_TARGET = 9.1;
				MTL_ENABLE_DEBUG_INFO = NO;
				SDKROOT = iphoneos;
				TARGETED_DEVICE_FAMILY = "1,2";
				VALIDATE_PRODUCT = YES;
				VERSIONING_SYSTEM = "apple-generic";
				VERSION_INFO_PREFIX = "";
			};
			name = Release;
		};
		4AF827961C0381C400C51B6B /* Debug */ = {
			isa = XCBuildConfiguration;
			buildSettings = {
				CLANG_ENABLE_MODULES = YES;
				CLANG_MODULES_AUTOLINK = YES;
				"CODE_SIGN_IDENTITY[sdk=iphoneos*]" = "iPhone Developer";
				DEFINES_MODULE = YES;
				DEVELOPMENT_TEAM = 7LDBSZ9966;
				DYLIB_COMPATIBILITY_VERSION = 1;
				DYLIB_CURRENT_VERSION = 1;
				DYLIB_INSTALL_NAME_BASE = "@rpath";
				FRAMEWORK_SEARCH_PATHS = (
					"$(inherited)",
					"$(PROJECT_DIR)/Carthage/Build/iOS",
					"$(PROJECT_DIR)",
				);
				GCC_GENERATE_TEST_COVERAGE_FILES = YES;
				INFOPLIST_FILE = ParseZero/Info.plist;
				INSTALL_PATH = "$(LOCAL_LIBRARY_DIR)/Frameworks";
				LD_RUNPATH_SEARCH_PATHS = "$(inherited) @executable_path/Frameworks @loader_path/Frameworks";
				LIBRARY_SEARCH_PATHS = "$(PROJECT_DIR)/ParseZero";
				MACH_O_TYPE = mh_dylib;
				OTHER_LDFLAGS = "";
				PRODUCT_BUNDLE_IDENTIFIER = com.flovilmart.ParseZero;
				PRODUCT_NAME = "$(TARGET_NAME)";
				SKIP_INSTALL = YES;
				SWIFT_OPTIMIZATION_LEVEL = "-Onone";
				SWIFT_VERSION = 2.3;
			};
			name = Debug;
		};
		4AF827971C0381C400C51B6B /* Release */ = {
			isa = XCBuildConfiguration;
			buildSettings = {
				CLANG_ENABLE_MODULES = YES;
				CLANG_MODULES_AUTOLINK = YES;
				DEFINES_MODULE = YES;
				DEVELOPMENT_TEAM = 7LDBSZ9966;
				DYLIB_COMPATIBILITY_VERSION = 1;
				DYLIB_CURRENT_VERSION = 1;
				DYLIB_INSTALL_NAME_BASE = "@rpath";
				FRAMEWORK_SEARCH_PATHS = (
					"$(inherited)",
					"$(PROJECT_DIR)/Carthage/Build/iOS",
					"$(PROJECT_DIR)",
				);
				GCC_GENERATE_TEST_COVERAGE_FILES = YES;
				INFOPLIST_FILE = ParseZero/Info.plist;
				INSTALL_PATH = "$(LOCAL_LIBRARY_DIR)/Frameworks";
				LD_RUNPATH_SEARCH_PATHS = "$(inherited) @executable_path/Frameworks @loader_path/Frameworks";
				LIBRARY_SEARCH_PATHS = "$(PROJECT_DIR)/ParseZero";
				MACH_O_TYPE = mh_dylib;
				OTHER_LDFLAGS = "";
				PRODUCT_BUNDLE_IDENTIFIER = com.flovilmart.ParseZero;
				PRODUCT_NAME = "$(TARGET_NAME)";
				SKIP_INSTALL = YES;
				SWIFT_VERSION = 2.3;
			};
			name = Release;
		};
		4AF827991C0381C400C51B6B /* Debug */ = {
			isa = XCBuildConfiguration;
			buildSettings = {
				CLANG_ENABLE_MODULES = YES;
				DEVELOPMENT_TEAM = 7LDBSZ9966;
				FRAMEWORK_SEARCH_PATHS = (
					"$(inherited)",
					"$(PROJECT_DIR)/ParseZero",
					"$(PROJECT_DIR)",
					"$(PROJECT_DIR)/Carthage/Build/iOS",
				);
				GCC_GENERATE_TEST_COVERAGE_FILES = YES;
				INFOPLIST_FILE = ParseZeroTests/Info.plist;
				LD_RUNPATH_SEARCH_PATHS = "$(inherited) @executable_path/Frameworks @loader_path/Frameworks";
				PRODUCT_BUNDLE_IDENTIFIER = com.flovilmart.ParseZeroTests;
				PRODUCT_NAME = "$(TARGET_NAME)";
				SWIFT_OBJC_BRIDGING_HEADER = "ParseZeroTests/ParseZeroTests-Bridging-Header.h";
				SWIFT_OPTIMIZATION_LEVEL = "-Onone";
				SWIFT_VERSION = 2.3;
			};
			name = Debug;
		};
		4AF8279A1C0381C400C51B6B /* Release */ = {
			isa = XCBuildConfiguration;
			buildSettings = {
				CLANG_ENABLE_MODULES = YES;
				DEVELOPMENT_TEAM = 7LDBSZ9966;
				FRAMEWORK_SEARCH_PATHS = (
					"$(inherited)",
					"$(PROJECT_DIR)/ParseZero",
					"$(PROJECT_DIR)",
					"$(PROJECT_DIR)/Carthage/Build/iOS",
				);
				GCC_GENERATE_TEST_COVERAGE_FILES = YES;
				INFOPLIST_FILE = ParseZeroTests/Info.plist;
				LD_RUNPATH_SEARCH_PATHS = "$(inherited) @executable_path/Frameworks @loader_path/Frameworks";
				PRODUCT_BUNDLE_IDENTIFIER = com.flovilmart.ParseZeroTests;
				PRODUCT_NAME = "$(TARGET_NAME)";
				SWIFT_OBJC_BRIDGING_HEADER = "ParseZeroTests/ParseZeroTests-Bridging-Header.h";
				SWIFT_VERSION = 2.3;
			};
			name = Release;
		};
/* End XCBuildConfiguration section */

/* Begin XCConfigurationList section */
		4A26C3611C049E2400E5F505 /* Build configuration list for PBXNativeTarget "ParseZeroHost" */ = {
			isa = XCConfigurationList;
			buildConfigurations = (
				4A26C35F1C049E2400E5F505 /* Debug */,
				4A26C3601C049E2400E5F505 /* Release */,
			);
			defaultConfigurationIsVisible = 0;
			defaultConfigurationName = Release;
		};
		4AF8277B1C0381C400C51B6B /* Build configuration list for PBXProject "ParseZero" */ = {
			isa = XCConfigurationList;
			buildConfigurations = (
				4AF827931C0381C400C51B6B /* Debug */,
				4AF827941C0381C400C51B6B /* Release */,
			);
			defaultConfigurationIsVisible = 0;
			defaultConfigurationName = Release;
		};
		4AF827951C0381C400C51B6B /* Build configuration list for PBXNativeTarget "ParseZero" */ = {
			isa = XCConfigurationList;
			buildConfigurations = (
				4AF827961C0381C400C51B6B /* Debug */,
				4AF827971C0381C400C51B6B /* Release */,
			);
			defaultConfigurationIsVisible = 0;
			defaultConfigurationName = Release;
		};
		4AF827981C0381C400C51B6B /* Build configuration list for PBXNativeTarget "ParseZeroTests" */ = {
			isa = XCConfigurationList;
			buildConfigurations = (
				4AF827991C0381C400C51B6B /* Debug */,
				4AF8279A1C0381C400C51B6B /* Release */,
			);
			defaultConfigurationIsVisible = 0;
			defaultConfigurationName = Release;
		};
/* End XCConfigurationList section */
	};
	rootObject = 4AF827781C0381C400C51B6B /* Project object */;
}
